{
  "version": 4,
  "terraform_version": "0.14.8",
  "serial": 150,
  "lineage": "47146e9c-82bc-2319-cca3-8851adc72ad9",
  "outputs": {},
  "resources": [
    {
      "mode": "managed",
      "type": "aws_dynamodb_table",
      "name": "dynamodb_cadabraorders",
      "provider": "provider[\"registry.terraform.io/hashicorp/aws\"]",
      "instances": [
        {
          "schema_version": 1,
          "attributes": {
            "arn": "arn:aws:dynamodb:us-east-1:461385836809:table/tf-CadabraOrders",
            "attribute": [
              {
                "name": "CustomerID",
                "type": "N"
              },
              {
                "name": "OrderID",
                "type": "S"
              }
            ],
            "billing_mode": "PROVISIONED",
            "global_secondary_index": [],
            "hash_key": "CustomerID",
            "id": "tf-CadabraOrders",
            "local_secondary_index": [],
            "name": "tf-CadabraOrders",
            "point_in_time_recovery": [
              {
                "enabled": false
              }
            ],
            "range_key": "OrderID",
            "read_capacity": 5,
            "replica": [],
            "server_side_encryption": [],
            "stream_arn": "",
            "stream_enabled": false,
            "stream_label": "",
            "stream_view_type": "",
            "tags": {
              "CreatedBy": "vt",
              "Project": "TF-Cadabra"
            },
            "timeouts": null,
            "ttl": [
              {
                "attribute_name": "",
                "enabled": false
              }
            ],
            "write_capacity": 5
          },
          "sensitive_attributes": [],
          "private": "eyJlMmJmYjczMC1lY2FhLTExZTYtOGY4OC0zNDM2M2JjN2M0YzAiOnsiY3JlYXRlIjo2MDAwMDAwMDAwMDAsImRlbGV0ZSI6NjAwMDAwMDAwMDAwLCJ1cGRhdGUiOjM2MDAwMDAwMDAwMDB9LCJzY2hlbWFfdmVyc2lvbiI6IjEifQ=="
        }
      ]
    },
    {
      "mode": "managed",
      "type": "aws_glue_catalog_database",
      "name": "glue_db",
      "provider": "provider[\"registry.terraform.io/hashicorp/aws\"]",
      "instances": [
        {
          "schema_version": 0,
          "attributes": {
            "arn": "arn:aws:glue:us-east-1:461385836809:database/tf-cadabra_glue",
            "catalog_id": "461385836809",
            "description": "",
            "id": "461385836809:tf-cadabra_glue",
            "location_uri": "",
            "name": "tf-cadabra_glue",
            "parameters": {}
          },
          "sensitive_attributes": [],
          "private": "bnVsbA=="
        }
      ]
    },
    {
      "mode": "managed",
      "type": "aws_glue_crawler",
      "name": "glue_crawler",
      "provider": "provider[\"registry.terraform.io/hashicorp/aws\"]",
      "instances": [
        {
          "schema_version": 0,
          "attributes": {
            "arn": "arn:aws:glue:us-east-1:461385836809:crawler/tf-cadabra_crawler",
            "catalog_target": [],
            "classifiers": [],
            "configuration": "",
            "database_name": "tf-cadabra_glue",
            "description": "",
            "dynamodb_target": [],
            "id": "tf-cadabra_crawler",
            "jdbc_target": [],
            "lineage_configuration": [
              {
                "crawler_lineage_settings": "DISABLE"
              }
            ],
            "mongodb_target": [],
            "name": "tf-cadabra_crawler",
            "recrawl_policy": [
              {
                "recrawl_behavior": "CRAWL_EVERYTHING"
              }
            ],
            "role": "tf-glue_role",
            "s3_target": [
              {
                "connection_name": "",
                "exclusions": [],
                "path": "s3://tf-vt-cadabra/glue/"
              }
            ],
            "schedule": "",
            "schema_change_policy": [
              {
                "delete_behavior": "DEPRECATE_IN_DATABASE",
                "update_behavior": "UPDATE_IN_DATABASE"
              }
            ],
            "security_configuration": "",
            "table_prefix": "",
            "tags": {
              "Additional": "InfoHere",
              "CreatedBy": "vt",
              "More": "DetailsHere",
              "Project": "TF-Cadabra"
            }
          },
          "sensitive_attributes": [],
          "private": "bnVsbA==",
          "dependencies": [
            "aws_glue_catalog_database.glue_db",
            "aws_iam_role.glue_role",
            "aws_s3_bucket.target-s3bucket"
          ]
        }
      ]
    },
    {
      "mode": "managed",
      "type": "aws_iam_role",
      "name": "firehose-stream-role",
      "provider": "provider[\"registry.terraform.io/hashicorp/aws\"]",
      "instances": [
        {
          "schema_version": 0,
          "attributes": {
            "arn": "arn:aws:iam::461385836809:role/tf-cd-firehose-stream-role",
            "assume_role_policy": "{\"Version\":\"2012-10-17\",\"Statement\":[{\"Sid\":\"\",\"Effect\":\"Allow\",\"Principal\":{\"Service\":\"firehose.amazonaws.com\"},\"Action\":\"sts:AssumeRole\"}]}",
            "create_date": "2021-03-23T03:25:00Z",
            "description": "",
            "force_detach_policies": false,
            "id": "tf-cd-firehose-stream-role",
            "inline_policy": [
              {
                "name": "tf-cd-firehose-stream-policy",
                "policy": "{\n    \"Version\": \"2012-10-17\",\n    \"Statement\": [\n       {\n            \"Effect\": \"Allow\",\n            \"Action\": \"kinesis:*\",\n            \"Resource\": \"*\"\n        },\n\t      {\n            \"Effect\": \"Allow\",\n            \"Action\": \"s3:*\",\n            \"Resource\": \"*\"\n        }\n    ]\n}\n"
              }
            ],
            "managed_policy_arns": [],
            "max_session_duration": 3600,
            "name": "tf-cd-firehose-stream-role",
            "name_prefix": null,
            "path": "/",
            "permissions_boundary": null,
            "tags": {
              "CreatedBy": "vt",
              "Project": "TF-Cadabra"
            },
            "unique_id": "AROAWW3F5FEER2DGNSTDQ"
          },
          "sensitive_attributes": [],
          "private": "bnVsbA=="
        }
      ]
    },
    {
      "mode": "managed",
      "type": "aws_iam_role",
      "name": "glue_role",
      "provider": "provider[\"registry.terraform.io/hashicorp/aws\"]",
      "instances": [
        {
          "schema_version": 0,
          "attributes": {
            "arn": "arn:aws:iam::461385836809:role/tf-glue_role",
            "assume_role_policy": "{\"Version\":\"2012-10-17\",\"Statement\":[{\"Sid\":\"\",\"Effect\":\"Allow\",\"Principal\":{\"Service\":\"glue.amazonaws.com\"},\"Action\":\"sts:AssumeRole\"}]}",
            "create_date": "2021-03-23T03:25:00Z",
            "description": "",
            "force_detach_policies": false,
            "id": "tf-glue_role",
            "inline_policy": [
              {
                "name": "tf-glue_role_policy",
                "policy": "{\n    \"Version\": \"2012-10-17\",\n    \"Statement\": [\n\t      {\n            \"Effect\": \"Allow\",\n            \"Action\": \"S3:*\",\n            \"Resource\": \"*\"\n        },\n\t      {\n            \"Effect\": \"Allow\",\n            \"Action\": \"glue:*\",\n            \"Resource\": \"*\"\n        },\n\t      {\n            \"Effect\": \"Allow\",\n            \"Action\": \"logs:*\",\n            \"Resource\": \"*\"\n        }\n    ]\n}\n"
              }
            ],
            "managed_policy_arns": [],
            "max_session_duration": 3600,
            "name": "tf-glue_role",
            "name_prefix": null,
            "path": "/",
            "permissions_boundary": null,
            "tags": {
              "CreatedBy": "vt",
              "Project": "TF-Cadabra"
            },
            "unique_id": "AROAWW3F5FEEXR3IPFXAW"
          },
          "sensitive_attributes": [],
          "private": "bnVsbA=="
        }
      ]
    },
    {
      "mode": "managed",
      "type": "aws_iam_role",
      "name": "iam_for_lambda",
      "provider": "provider[\"registry.terraform.io/hashicorp/aws\"]",
      "instances": [
        {
          "schema_version": 0,
          "attributes": {
            "arn": "arn:aws:iam::461385836809:role/lambda_role",
            "assume_role_policy": "{\"Version\":\"2012-10-17\",\"Statement\":[{\"Sid\":\"\",\"Effect\":\"Allow\",\"Principal\":{\"Service\":\"lambda.amazonaws.com\"},\"Action\":\"sts:AssumeRole\"}]}",
            "create_date": "2021-03-23T03:25:00Z",
            "description": "",
            "force_detach_policies": false,
            "id": "lambda_role",
            "inline_policy": [
              {
                "name": "lambda_read_write_policy",
                "policy": "{\n    \"Version\": \"2012-10-17\",\n    \"Statement\": [\n       {\n            \"Effect\": \"Allow\",\n            \"Action\": \"kinesis:*\",\n            \"Resource\": \"*\"\n        },\n\t      {\n            \"Effect\": \"Allow\",\n            \"Action\": \"dynamodb:*\",\n            \"Resource\": \"*\"\n        },\n\t      {\n            \"Effect\": \"Allow\",\n            \"Action\": \"logs:*\",\n            \"Resource\": \"*\"\n        }\n    ]\n}\n"
              }
            ],
            "managed_policy_arns": [],
            "max_session_duration": 3600,
            "name": "lambda_role",
            "name_prefix": null,
            "path": "/",
            "permissions_boundary": null,
            "tags": {
              "CreatedBy": "vt",
              "Project": "TF-Cadabra"
            },
            "unique_id": "AROAWW3F5FEE62UENPYRF"
          },
          "sensitive_attributes": [],
          "private": "bnVsbA=="
        }
      ]
    },
    {
      "mode": "managed",
      "type": "aws_iam_role_policy",
      "name": "firehose-stream-policy",
      "provider": "provider[\"registry.terraform.io/hashicorp/aws\"]",
      "instances": [
        {
          "schema_version": 0,
          "attributes": {
            "id": "tf-cd-firehose-stream-role:tf-cd-firehose-stream-policy",
            "name": "tf-cd-firehose-stream-policy",
            "name_prefix": null,
            "policy": "{\n    \"Version\": \"2012-10-17\",\n    \"Statement\": [\n       {\n            \"Effect\": \"Allow\",\n            \"Action\": \"kinesis:*\",\n            \"Resource\": \"*\"\n        },\n\t      {\n            \"Effect\": \"Allow\",\n            \"Action\": \"s3:*\",\n            \"Resource\": \"*\"\n        }\n    ]\n}\n",
            "role": "tf-cd-firehose-stream-role"
          },
          "sensitive_attributes": [],
          "private": "bnVsbA==",
          "dependencies": [
            "aws_iam_role.firehose-stream-role"
          ]
        }
      ]
    },
    {
      "mode": "managed",
      "type": "aws_iam_role_policy",
      "name": "glue_role_policy",
      "provider": "provider[\"registry.terraform.io/hashicorp/aws\"]",
      "instances": [
        {
          "schema_version": 0,
          "attributes": {
            "id": "tf-glue_role:tf-glue_role_policy",
            "name": "tf-glue_role_policy",
            "name_prefix": null,
            "policy": "{\n    \"Version\": \"2012-10-17\",\n    \"Statement\": [\n\t      {\n            \"Effect\": \"Allow\",\n            \"Action\": \"S3:*\",\n            \"Resource\": \"*\"\n        },\n\t      {\n            \"Effect\": \"Allow\",\n            \"Action\": \"glue:*\",\n            \"Resource\": \"*\"\n        },\n\t      {\n            \"Effect\": \"Allow\",\n            \"Action\": \"logs:*\",\n            \"Resource\": \"*\"\n        }\n    ]\n}\n",
            "role": "tf-glue_role"
          },
          "sensitive_attributes": [],
          "private": "bnVsbA==",
          "dependencies": [
            "aws_iam_role.glue_role"
          ]
        }
      ]
    },
    {
      "mode": "managed",
      "type": "aws_iam_role_policy",
      "name": "lambda_read_write_policy",
      "provider": "provider[\"registry.terraform.io/hashicorp/aws\"]",
      "instances": [
        {
          "schema_version": 0,
          "attributes": {
            "id": "lambda_role:lambda_read_write_policy",
            "name": "lambda_read_write_policy",
            "name_prefix": null,
            "policy": "{\n    \"Version\": \"2012-10-17\",\n    \"Statement\": [\n       {\n            \"Effect\": \"Allow\",\n            \"Action\": \"kinesis:*\",\n            \"Resource\": \"*\"\n        },\n\t      {\n            \"Effect\": \"Allow\",\n            \"Action\": \"dynamodb:*\",\n            \"Resource\": \"*\"\n        },\n\t      {\n            \"Effect\": \"Allow\",\n            \"Action\": \"logs:*\",\n            \"Resource\": \"*\"\n        }\n    ]\n}\n",
            "role": "lambda_role"
          },
          "sensitive_attributes": [],
          "private": "bnVsbA==",
          "dependencies": [
            "aws_iam_role.iam_for_lambda"
          ]
        }
      ]
    },
    {
      "mode": "managed",
      "type": "aws_kinesis_firehose_delivery_stream",
      "name": "BatchSales",
      "provider": "provider[\"registry.terraform.io/hashicorp/aws\"]",
      "instances": [
        {
          "schema_version": 1,
          "attributes": {
            "arn": "arn:aws:firehose:us-east-1:461385836809:deliverystream/tf-cadabra_batch_sales",
            "destination": "s3",
            "destination_id": "destinationId-000000000001",
            "elasticsearch_configuration": [],
            "extended_s3_configuration": [],
            "http_endpoint_configuration": [],
            "id": "arn:aws:firehose:us-east-1:461385836809:deliverystream/tf-cadabra_batch_sales",
            "kinesis_source_configuration": [],
            "name": "tf-cadabra_batch_sales",
            "redshift_configuration": [],
            "s3_configuration": [
              {
                "bucket_arn": "arn:aws:s3:::tf-vt-cadabra",
                "buffer_interval": 60,
                "buffer_size": 5,
                "cloudwatch_logging_options": [
                  {
                    "enabled": false,
                    "log_group_name": "",
                    "log_stream_name": ""
                  }
                ],
                "compression_format": "UNCOMPRESSED",
                "kms_key_arn": "",
                "prefix": "SalesTransactions/",
                "role_arn": "arn:aws:iam::461385836809:role/tf-cd-firehose-stream-role"
              }
            ],
            "server_side_encryption": [
              {
                "enabled": false,
                "key_arn": "",
                "key_type": "AWS_OWNED_CMK"
              }
            ],
            "splunk_configuration": [],
            "tags": {
              "Additional": "InfoHere",
              "CreatedBy": "vt",
              "More": "DetailsHere",
              "Project": "TF-Cadabra"
            },
            "version_id": "1"
          },
          "sensitive_attributes": [],
          "private": "eyJzY2hlbWFfdmVyc2lvbiI6IjEifQ==",
          "dependencies": [
            "aws_iam_role.firehose-stream-role",
            "aws_s3_bucket.target-s3bucket"
          ]
        }
      ]
    },
    {
      "mode": "managed",
      "type": "aws_kinesis_stream",
      "name": "kinesis_cadabra_orders",
      "provider": "provider[\"registry.terraform.io/hashicorp/aws\"]",
      "instances": [
        {
          "schema_version": 1,
          "attributes": {
            "arn": "arn:aws:kinesis:us-east-1:461385836809:stream/tf-order-stream",
            "encryption_type": "NONE",
            "enforce_consumer_deletion": false,
            "id": "arn:aws:kinesis:us-east-1:461385836809:stream/tf-order-stream",
            "kms_key_id": "",
            "name": "tf-order-stream",
            "retention_period": 24,
            "shard_count": 1,
            "shard_level_metrics": [
              "IncomingBytes",
              "OutgoingBytes"
            ],
            "tags": {
              "CreatedBy": "vt",
              "Project": "TF-Cadabra"
            },
            "timeouts": null
          },
          "sensitive_attributes": [],
          "private": "eyJlMmJmYjczMC1lY2FhLTExZTYtOGY4OC0zNDM2M2JjN2M0YzAiOnsiY3JlYXRlIjozMDAwMDAwMDAwMDAsImRlbGV0ZSI6NzIwMDAwMDAwMDAwMCwidXBkYXRlIjo3MjAwMDAwMDAwMDAwfSwic2NoZW1hX3ZlcnNpb24iOiIxIn0="
        }
      ]
    },
    {
      "mode": "managed",
      "type": "aws_lambda_event_source_mapping",
      "name": "cadabra_order_lambda_trigger",
      "provider": "provider[\"registry.terraform.io/hashicorp/aws\"]",
      "instances": [
        {
          "schema_version": 0,
          "attributes": {
            "batch_size": 100,
            "bisect_batch_on_function_error": false,
            "destination_config": [],
            "enabled": true,
            "event_source_arn": "arn:aws:kinesis:us-east-1:461385836809:stream/tf-order-stream",
            "function_arn": "arn:aws:lambda:us-east-1:461385836809:function:tf-lambda-to-dynamo",
            "function_name": "arn:aws:lambda:us-east-1:461385836809:function:tf-lambda-to-dynamo",
            "id": "73ba1d8c-bc26-49f8-9995-be81f2c70d03",
            "last_modified": "2021-03-23T03:26:00Z",
            "last_processing_result": "No records processed",
            "maximum_batching_window_in_seconds": 0,
            "maximum_record_age_in_seconds": -1,
            "maximum_retry_attempts": -1,
            "parallelization_factor": 1,
            "starting_position": "LATEST",
            "starting_position_timestamp": null,
            "state": "Enabled",
            "state_transition_reason": "User action",
            "topics": [],
            "uuid": "73ba1d8c-bc26-49f8-9995-be81f2c70d03"
          },
          "sensitive_attributes": [],
          "private": "bnVsbA==",
          "dependencies": [
            "aws_iam_role.iam_for_lambda",
            "aws_kinesis_stream.kinesis_cadabra_orders",
            "aws_lambda_function.lambda_process_cadabra_orders"
          ]
        }
      ]
    },
    {
      "mode": "managed",
      "type": "aws_lambda_function",
      "name": "lambda_process_cadabra_orders",
      "provider": "provider[\"registry.terraform.io/hashicorp/aws\"]",
      "instances": [
        {
          "schema_version": 0,
          "attributes": {
            "arn": "arn:aws:lambda:us-east-1:461385836809:function:tf-lambda-to-dynamo",
            "code_signing_config_arn": "",
            "dead_letter_config": [],
            "description": "",
            "environment": [],
            "file_system_config": [],
            "filename": "lambda_write_to_dynamodb.zip",
            "function_name": "tf-lambda-to-dynamo",
            "handler": "lambda_write_to_dynamodb.lambda_handler",
            "id": "tf-lambda-to-dynamo",
            "image_config": [],
            "image_uri": "",
            "invoke_arn": "arn:aws:apigateway:us-east-1:lambda:path/2015-03-31/functions/arn:aws:lambda:us-east-1:461385836809:function:tf-lambda-to-dynamo/invocations",
            "kms_key_arn": "",
            "last_modified": "2021-03-23T03:33:06.440+0000",
            "layers": [],
            "memory_size": 128,
            "package_type": "Zip",
            "publish": false,
            "qualified_arn": "arn:aws:lambda:us-east-1:461385836809:function:tf-lambda-to-dynamo:$LATEST",
            "reserved_concurrent_executions": -1,
            "role": "arn:aws:iam::461385836809:role/lambda_role",
            "runtime": "python3.7",
            "s3_bucket": null,
            "s3_key": null,
            "s3_object_version": null,
            "signing_job_arn": "",
            "signing_profile_version_arn": "",
            "source_code_hash": "42s1Utpq151AC4IB37rwo17c9rkfhpNhiQj9jTH9WUk=",
            "source_code_size": 730,
            "tags": {
              "CreatedBy": "vt",
              "Project": "TF-Cadabra"
            },
            "timeout": 3,
            "timeouts": null,
            "tracing_config": [
              {
                "mode": "PassThrough"
              }
            ],
            "version": "$LATEST",
            "vpc_config": []
          },
          "sensitive_attributes": [],
          "private": "eyJlMmJmYjczMC1lY2FhLTExZTYtOGY4OC0zNDM2M2JjN2M0YzAiOnsiY3JlYXRlIjo2MDAwMDAwMDAwMDB9fQ==",
          "dependencies": [
            "aws_iam_role.iam_for_lambda"
          ]
        }
      ]
    },
    {
      "mode": "managed",
      "type": "aws_s3_bucket",
      "name": "target-s3bucket",
      "provider": "provider[\"registry.terraform.io/hashicorp/aws\"]",
      "instances": [
        {
          "schema_version": 0,
          "attributes": {
            "acceleration_status": "",
            "acl": "private",
            "arn": "arn:aws:s3:::tf-vt-cadabra",
            "bucket": "tf-vt-cadabra",
            "bucket_domain_name": "tf-vt-cadabra.s3.amazonaws.com",
            "bucket_prefix": null,
            "bucket_regional_domain_name": "tf-vt-cadabra.s3.amazonaws.com",
            "cors_rule": [],
            "force_destroy": false,
            "grant": [],
            "hosted_zone_id": "Z3AQBSTGFYJSTF",
            "id": "tf-vt-cadabra",
            "lifecycle_rule": [],
            "logging": [],
            "object_lock_configuration": [],
            "policy": null,
            "region": "us-east-1",
            "replication_configuration": [],
            "request_payer": "BucketOwner",
            "server_side_encryption_configuration": [],
            "tags": {
              "CreatedBy": "vt",
              "Project": "TF-Cadabra"
            },
            "versioning": [
              {
                "enabled": false,
                "mfa_delete": false
              }
            ],
            "website": [],
            "website_domain": null,
            "website_endpoint": null
          },
          "sensitive_attributes": [],
          "private": "bnVsbA=="
        }
      ]
    }
  ]
}
